
Microsoft Visual Studio Solution File, Format Version 11.00
# Visual Studio 2010
Project("{FAE04EC0-301F-11D3-BF4B-00C04F79EFBC}") = "Boxophobic.Utils.Scripts", "Boxophobic.Utils.Scripts.csproj", "{7f7994fe-6ed8-2156-2dc9-14cbc791dfab}"
EndProject
Project("{FAE04EC0-301F-11D3-BF4B-00C04F79EFBC}") = "Assembly-CSharp", "Assembly-CSharp.csproj", "{b8d0b83a-d3a2-8826-b9aa-1c4e55c64c99}"
EndProject
Project("{FAE04EC0-301F-11D3-BF4B-00C04F79EFBC}") = "Boxophobic.Utils.Editor", "Boxophobic.Utils.Editor.csproj", "{bb6cf411-420a-73a6-f464-deee0ccde9fe}"
EndProject
Project("{FAE04EC0-301F-11D3-BF4B-00C04F79EFBC}") = "Boxophobic.SkyboxCubemapExtended.Editor", "Boxophobic.SkyboxCubemapExtended.Editor.csproj", "{6d919c80-5db0-3829-fea8-68549b46bfe9}"
EndProject
Global
	GlobalSection(SolutionConfigurationPlatforms) = preSolution
		Debug|Any CPU = Debug|Any CPU
		Release|Any CPU = Release|Any CPU
	EndGlobalSection
	GlobalSection(ProjectConfigurationPlatforms) = postSolution
		{7f7994fe-6ed8-2156-2dc9-14cbc791dfab}.Debug|Any CPU.ActiveCfg = Debug|Any CPU
		{7f7994fe-6ed8-2156-2dc9-14cbc791dfab}.Debug|Any CPU.Build.0 = Debug|Any CPU
		{7f7994fe-6ed8-2156-2dc9-14cbc791dfab}.Release|Any CPU.ActiveCfg = Release|Any CPU
		{7f7994fe-6ed8-2156-2dc9-14cbc791dfab}.Release|Any CPU.Build.0 = Release|Any CPU
		{b8d0b83a-d3a2-8826-b9aa-1c4e55c64c99}.Debug|Any CPU.ActiveCfg = Debug|Any CPU
		{b8d0b83a-d3a2-8826-b9aa-1c4e55c64c99}.Debug|Any CPU.Build.0 = Debug|Any CPU
		{b8d0b83a-d3a2-8826-b9aa-1c4e55c64c99}.Release|Any CPU.ActiveCfg = Release|Any CPU
		{b8d0b83a-d3a2-8826-b9aa-1c4e55c64c99}.Release|Any CPU.Build.0 = Release|Any CPU
		{bb6cf411-420a-73a6-f464-deee0ccde9fe}.Debug|Any CPU.ActiveCfg = Debug|Any CPU
		{bb6cf411-420a-73a6-f464-deee0ccde9fe}.Debug|Any CPU.Build.0 = Debug|Any CPU
		{bb6cf411-420a-73a6-f464-deee0ccde9fe}.Release|Any CPU.ActiveCfg = Release|Any CPU
		{bb6cf411-420a-73a6-f464-deee0ccde9fe}.Release|Any CPU.Build.0 = Release|Any CPU
		{6d919c80-5db0-3829-fea8-68549b46bfe9}.Debug|Any CPU.ActiveCfg = Debug|Any CPU
		{6d919c80-5db0-3829-fea8-68549b46bfe9}.Debug|Any CPU.Build.0 = Debug|Any CPU
		{6d919c80-5db0-3829-fea8-68549b46bfe9}.Release|Any CPU.ActiveCfg = Release|Any CPU
		{6d919c80-5db0-3829-fea8-68549b46bfe9}.Release|Any CPU.Build.0 = Release|Any CPU
	EndGlobalSection
	GlobalSection(SolutionProperties) = preSolution
		HideSolutionNode = FALSE
	EndGlobalSection
EndGlobal
